
Microsoft Visual Studio Solution File, Format Version 12.00
# Visual Studio Version 17
VisualStudioVersion = 17.7.34024.191
MinimumVisualStudioVersion = 10.0.40219.1
Project("{9A19103F-16F7-4668-BE54-9A1E7A4F7556}") = "sqlite-interface", "sqlite-interface\sqlite-interface.csproj", "{10AEFB50-346F-4BB3-B358-B20BF5571005}"
EndProject
Project("{FAE04EC0-301F-11D3-BF4B-00C04F79EFBC}") = "tests", "tests\tests.csproj", "{7F5C3CB1-96DB-4799-9F70-CB08521C7315}"
EndProject
Global
	GlobalSection(SolutionConfigurationPlatforms) = preSolution
		Debug|Any CPU = Debug|Any CPU
		Release|Any CPU = Release|Any CPU
	EndGlobalSection
	GlobalSection(ProjectConfigurationPlatforms) = postSolution
		{10AEFB50-346F-4BB3-B358-B20BF5571005}.Debug|Any CPU.ActiveCfg = Debug|Any CPU
		{10AEFB50-346F-4BB3-B358-B20BF5571005}.Debug|Any CPU.Build.0 = Debug|Any CPU
		{10AEFB50-346F-4BB3-B358-B20BF5571005}.Release|Any CPU.ActiveCfg = Release|Any CPU
		{10AEFB50-346F-4BB3-B358-B20BF5571005}.Release|Any CPU.Build.0 = Release|Any CPU
		{7F5C3CB1-96DB-4799-9F70-CB08521C7315}.Debug|Any CPU.ActiveCfg = Debug|Any CPU
		{7F5C3CB1-96DB-4799-9F70-CB08521C7315}.Debug|Any CPU.Build.0 = Debug|Any CPU
		{7F5C3CB1-96DB-4799-9F70-CB08521C7315}.Release|Any CPU.ActiveCfg = Release|Any CPU
		{7F5C3CB1-96DB-4799-9F70-CB08521C7315}.Release|Any CPU.Build.0 = Release|Any CPU
	EndGlobalSection
	GlobalSection(SolutionProperties) = preSolution
		HideSolutionNode = FALSE
	EndGlobalSection
	GlobalSection(ExtensibilityGlobals) = postSolution
		SolutionGuid = {A9B6BFAE-8A25-4C77-B997-E3693E99384D}
	EndGlobalSection
EndGlobal
